
Microsoft Visual Studio Solution File, Format Version 12.00
# Visual Studio Version 16
VisualStudioVersion = 16.0.29709.97
MinimumVisualStudioVersion = 10.0.40219.1
Project("{9A19103F-16F7-4668-BE54-9A1E7A4F7556}") = "ArcaneStars.AuthServiceHost", "ArcaneStars.AuthServiceHost\ArcaneStars.AuthServiceHost.csproj", "{793D16DA-1973-4D6C-9CCB-243428C67C7D}"
EndProject
Global
	GlobalSection(SolutionConfigurationPlatforms) = preSolution
		Debug|Any CPU = Debug|Any CPU
		Release|Any CPU = Release|Any CPU
	EndGlobalSection
	GlobalSection(ProjectConfigurationPlatforms) = postSolution
		{793D16DA-1973-4D6C-9CCB-243428C67C7D}.Debug|Any CPU.ActiveCfg = Debug|Any CPU
		{793D16DA-1973-4D6C-9CCB-243428C67C7D}.Debug|Any CPU.Build.0 = Debug|Any CPU
		{793D16DA-1973-4D6C-9CCB-243428C67C7D}.Release|Any CPU.ActiveCfg = Release|Any CPU
		{793D16DA-1973-4D6C-9CCB-243428C67C7D}.Release|Any CPU.Build.0 = Release|Any CPU
	EndGlobalSection
	GlobalSection(SolutionProperties) = preSolution
		HideSolutionNode = FALSE
	EndGlobalSection
	GlobalSection(ExtensibilityGlobals) = postSolution
		SolutionGuid = {52854D13-35E9-493B-9AF1-98E8AA67EA47}
	EndGlobalSection
EndGlobal
